
Microsoft Visual Studio Solution File, Format Version 12.00
# Visual Studio Version 17
VisualStudioVersion = 17.10.35027.167
MinimumVisualStudioVersion = 10.0.40219.1
Project("{2150E333-8FDC-42A3-9474-1A3956D46DE8}") = "04 - Infrastructure", "04 - Infrastructure", "{BD3812F8-8783-42C6-B231-8A032EF9481F}"
EndProject
Project("{2150E333-8FDC-42A3-9474-1A3956D46DE8}") = "03 - Domain", "03 - Domain", "{77C73D0D-E122-4C65-B63B-B89C8E28F69E}"
EndProject
Project("{2150E333-8FDC-42A3-9474-1A3956D46DE8}") = "06 - Packages", "06 - Packages", "{040F270A-3788-4E88-99A6-F236286DE3E7}"
EndProject
Project("{2150E333-8FDC-42A3-9474-1A3956D46DE8}") = "02 - Core", "02 - Core", "{D2B590AD-CC11-4062-A3C3-0718E17D651C}"
EndProject
Project("{2150E333-8FDC-42A3-9474-1A3956D46DE8}") = "tests", "tests", "{1ADFD29B-9AE9-4E79-923B-072E807A2AAF}"
EndProject
Project("{2150E333-8FDC-42A3-9474-1A3956D46DE8}") = "Unit", "Unit", "{9057D64B-F3A3-4127-89EA-622C2430FD25}"
EndProject
Project("{2150E333-8FDC-42A3-9474-1A3956D46DE8}") = "Integration", "Integration", "{D641472C-1E35-4F9D-8949-90E6C17D7078}"
EndProject
Project("{2150E333-8FDC-42A3-9474-1A3956D46DE8}") = "Functional", "Functional", "{95501476-3BCD-48DA-A4E5-696A0B78A0BD}"
EndProject
Project("{9A19103F-16F7-4668-BE54-9A1E7A4F7556}") = "Ambev.DeveloperEvaluation.Infrastructure", "src\Ambev.DeveloperEvaluation.Infrastructure\Ambev.DeveloperEvaluation.Infrastructure.csproj", "{B62C8404-A5FA-4D58-9398-1E3C55C28D14}"
EndProject
Project("{9A19103F-16F7-4668-BE54-9A1E7A4F7556}") = "Ambev.DeveloperEvaluation.Application", "src\Ambev.DeveloperEvaluation.Application\Ambev.DeveloperEvaluation.Application.csproj", "{80CED839-FE4A-4286-9403-252D230BA2A0}"
EndProject
Project("{9A19103F-16F7-4668-BE54-9A1E7A4F7556}") = "Ambev.DeveloperEvaluation.Domain", "src\Ambev.DeveloperEvaluation.Domain\Ambev.DeveloperEvaluation.Domain.csproj", "{B19079B3-A9DD-4408-9ED2-899D735C66BF}"
EndProject
Project("{9A19103F-16F7-4668-BE54-9A1E7A4F7556}") = "Ambev.DeveloperEvaluation.Functional", "tests\Ambev.DeveloperEvaluation.Functional\Ambev.DeveloperEvaluation.Functional.csproj", "{2ACF31E5-F79E-4A52-AD6F-91CB6F05F700}"
EndProject
Project("{9A19103F-16F7-4668-BE54-9A1E7A4F7556}") = "Ambev.DeveloperEvaluation.Integration", "tests\Ambev.DeveloperEvaluation.Integration\Ambev.DeveloperEvaluation.Integration.csproj", "{15961D91-452B-48E0-9871-2964E751B744}"
EndProject
Project("{9A19103F-16F7-4668-BE54-9A1E7A4F7556}") = "Ambev.DeveloperEvaluation.Unit", "tests\Ambev.DeveloperEvaluation.Unit\Ambev.DeveloperEvaluation.Unit.csproj", "{54E6E012-F460-4A2B-95C5-27A2EF18A713}"
EndProject
Project("{9A19103F-16F7-4668-BE54-9A1E7A4F7556}") = "Ambev.DeveloperEvaluation.WebApi", "src\Ambev.DeveloperEvaluation.WebApi\Ambev.DeveloperEvaluation.WebApi.csproj", "{2B484022-3EF7-4BAB-ADB8-849F9E419EDD}"
EndProject
Project("{2150E333-8FDC-42A3-9474-1A3956D46DE8}") = "root", "root", "{C361795D-30EF-4513-B313-8622BE1AD313}"
	ProjectSection(SolutionItems) = preProject
		.editorconfig = .editorconfig
		docker-compose.yml = docker-compose.yml
	EndProjectSection
EndProject
Project("{2150E333-8FDC-42A3-9474-1A3956D46DE8}") = "01 - Api", "01 - Api", "{3CA802BE-64E7-4472-8C50-635E590DE3BD}"
EndProject
Project("{2150E333-8FDC-42A3-9474-1A3956D46DE8}") = "src", "src", "{68B8E4A9-30CB-4C84-89A2-3CD5B23A42EB}"
EndProject
Project("{2150E333-8FDC-42A3-9474-1A3956D46DE8}") = "Packages", "Packages", "{DA8C2832-621E-4E55-9F73-DB76E1BCD0C4}"
EndProject
Project("{FAE04EC0-301F-11D3-BF4B-00C04F79EFBC}") = "Ambev.DeveloperEvaluation.Packages.Application", "..\packages\Ambev.DeveloperEvaluation.Packages.Application\Ambev.DeveloperEvaluation.Packages.Application.csproj", "{4EE799D3-1631-40E5-AEE0-3881454FDBB9}"
EndProject
Project("{FAE04EC0-301F-11D3-BF4B-00C04F79EFBC}") = "Ambev.DeveloperEvaluation.Packages.Security", "..\packages\Ambev.DeveloperEvaluation.Packages.Security\Ambev.DeveloperEvaluation.Packages.Security.csproj", "{88BBFC16-1A08-4EB7-8692-86F108779F6F}"
EndProject
Project("{FAE04EC0-301F-11D3-BF4B-00C04F79EFBC}") = "Ambev.DeveloperEvaluation.Packages.WebApi", "..\packages\Ambev.DeveloperEvaluation.Packages.WebApi\Ambev.DeveloperEvaluation.Packages.WebApi.csproj", "{248C48A2-B9F2-4D7B-8A4C-529268A05AA3}"
EndProject
Global
	GlobalSection(SolutionConfigurationPlatforms) = preSolution
		Debug|Any CPU = Debug|Any CPU
		Release|Any CPU = Release|Any CPU
	EndGlobalSection
	GlobalSection(ProjectConfigurationPlatforms) = postSolution
		{B62C8404-A5FA-4D58-9398-1E3C55C28D14}.Debug|Any CPU.ActiveCfg = Debug|Any CPU
		{B62C8404-A5FA-4D58-9398-1E3C55C28D14}.Debug|Any CPU.Build.0 = Debug|Any CPU
		{B62C8404-A5FA-4D58-9398-1E3C55C28D14}.Release|Any CPU.ActiveCfg = Release|Any CPU
		{B62C8404-A5FA-4D58-9398-1E3C55C28D14}.Release|Any CPU.Build.0 = Release|Any CPU
		{80CED839-FE4A-4286-9403-252D230BA2A0}.Debug|Any CPU.ActiveCfg = Debug|Any CPU
		{80CED839-FE4A-4286-9403-252D230BA2A0}.Debug|Any CPU.Build.0 = Debug|Any CPU
		{80CED839-FE4A-4286-9403-252D230BA2A0}.Release|Any CPU.ActiveCfg = Release|Any CPU
		{80CED839-FE4A-4286-9403-252D230BA2A0}.Release|Any CPU.Build.0 = Release|Any CPU
		{B19079B3-A9DD-4408-9ED2-899D735C66BF}.Debug|Any CPU.ActiveCfg = Debug|Any CPU
		{B19079B3-A9DD-4408-9ED2-899D735C66BF}.Debug|Any CPU.Build.0 = Debug|Any CPU
		{B19079B3-A9DD-4408-9ED2-899D735C66BF}.Release|Any CPU.ActiveCfg = Release|Any CPU
		{B19079B3-A9DD-4408-9ED2-899D735C66BF}.Release|Any CPU.Build.0 = Release|Any CPU
		{2ACF31E5-F79E-4A52-AD6F-91CB6F05F700}.Debug|Any CPU.ActiveCfg = Debug|Any CPU
		{2ACF31E5-F79E-4A52-AD6F-91CB6F05F700}.Debug|Any CPU.Build.0 = Debug|Any CPU
		{2ACF31E5-F79E-4A52-AD6F-91CB6F05F700}.Release|Any CPU.ActiveCfg = Release|Any CPU
		{2ACF31E5-F79E-4A52-AD6F-91CB6F05F700}.Release|Any CPU.Build.0 = Release|Any CPU
		{15961D91-452B-48E0-9871-2964E751B744}.Debug|Any CPU.ActiveCfg = Debug|Any CPU
		{15961D91-452B-48E0-9871-2964E751B744}.Debug|Any CPU.Build.0 = Debug|Any CPU
		{15961D91-452B-48E0-9871-2964E751B744}.Release|Any CPU.ActiveCfg = Release|Any CPU
		{15961D91-452B-48E0-9871-2964E751B744}.Release|Any CPU.Build.0 = Release|Any CPU
		{54E6E012-F460-4A2B-95C5-27A2EF18A713}.Debug|Any CPU.ActiveCfg = Debug|Any CPU
		{54E6E012-F460-4A2B-95C5-27A2EF18A713}.Debug|Any CPU.Build.0 = Debug|Any CPU
		{54E6E012-F460-4A2B-95C5-27A2EF18A713}.Release|Any CPU.ActiveCfg = Release|Any CPU
		{54E6E012-F460-4A2B-95C5-27A2EF18A713}.Release|Any CPU.Build.0 = Release|Any CPU
		{2B484022-3EF7-4BAB-ADB8-849F9E419EDD}.Debug|Any CPU.ActiveCfg = Debug|Any CPU
		{2B484022-3EF7-4BAB-ADB8-849F9E419EDD}.Debug|Any CPU.Build.0 = Debug|Any CPU
		{2B484022-3EF7-4BAB-ADB8-849F9E419EDD}.Release|Any CPU.ActiveCfg = Release|Any CPU
		{2B484022-3EF7-4BAB-ADB8-849F9E419EDD}.Release|Any CPU.Build.0 = Release|Any CPU
		{4EE799D3-1631-40E5-AEE0-3881454FDBB9}.Debug|Any CPU.ActiveCfg = Debug|Any CPU
		{4EE799D3-1631-40E5-AEE0-3881454FDBB9}.Debug|Any CPU.Build.0 = Debug|Any CPU
		{4EE799D3-1631-40E5-AEE0-3881454FDBB9}.Release|Any CPU.ActiveCfg = Release|Any CPU
		{4EE799D3-1631-40E5-AEE0-3881454FDBB9}.Release|Any CPU.Build.0 = Release|Any CPU
		{88BBFC16-1A08-4EB7-8692-86F108779F6F}.Debug|Any CPU.ActiveCfg = Debug|Any CPU
		{88BBFC16-1A08-4EB7-8692-86F108779F6F}.Debug|Any CPU.Build.0 = Debug|Any CPU
		{88BBFC16-1A08-4EB7-8692-86F108779F6F}.Release|Any CPU.ActiveCfg = Release|Any CPU
		{88BBFC16-1A08-4EB7-8692-86F108779F6F}.Release|Any CPU.Build.0 = Release|Any CPU
		{248C48A2-B9F2-4D7B-8A4C-529268A05AA3}.Debug|Any CPU.ActiveCfg = Debug|Any CPU
		{248C48A2-B9F2-4D7B-8A4C-529268A05AA3}.Debug|Any CPU.Build.0 = Debug|Any CPU
		{248C48A2-B9F2-4D7B-8A4C-529268A05AA3}.Release|Any CPU.ActiveCfg = Release|Any CPU
		{248C48A2-B9F2-4D7B-8A4C-529268A05AA3}.Release|Any CPU.Build.0 = Release|Any CPU
	EndGlobalSection
	GlobalSection(SolutionProperties) = preSolution
		HideSolutionNode = FALSE
	EndGlobalSection
	GlobalSection(NestedProjects) = preSolution
		{9057D64B-F3A3-4127-89EA-622C2430FD25} = {1ADFD29B-9AE9-4E79-923B-072E807A2AAF}
		{D641472C-1E35-4F9D-8949-90E6C17D7078} = {1ADFD29B-9AE9-4E79-923B-072E807A2AAF}
		{95501476-3BCD-48DA-A4E5-696A0B78A0BD} = {1ADFD29B-9AE9-4E79-923B-072E807A2AAF}
		{B62C8404-A5FA-4D58-9398-1E3C55C28D14} = {BD3812F8-8783-42C6-B231-8A032EF9481F}
		{B19079B3-A9DD-4408-9ED2-899D735C66BF} = {77C73D0D-E122-4C65-B63B-B89C8E28F69E}
		{2ACF31E5-F79E-4A52-AD6F-91CB6F05F700} = {95501476-3BCD-48DA-A4E5-696A0B78A0BD}
		{15961D91-452B-48E0-9871-2964E751B744} = {D641472C-1E35-4F9D-8949-90E6C17D7078}
		{54E6E012-F460-4A2B-95C5-27A2EF18A713} = {9057D64B-F3A3-4127-89EA-622C2430FD25}
		{2B484022-3EF7-4BAB-ADB8-849F9E419EDD} = {3CA802BE-64E7-4472-8C50-635E590DE3BD}
		{80CED839-FE4A-4286-9403-252D230BA2A0} = {D2B590AD-CC11-4062-A3C3-0718E17D651C}
		{3CA802BE-64E7-4472-8C50-635E590DE3BD} = {68B8E4A9-30CB-4C84-89A2-3CD5B23A42EB}
		{D2B590AD-CC11-4062-A3C3-0718E17D651C} = {68B8E4A9-30CB-4C84-89A2-3CD5B23A42EB}
		{77C73D0D-E122-4C65-B63B-B89C8E28F69E} = {68B8E4A9-30CB-4C84-89A2-3CD5B23A42EB}
		{BD3812F8-8783-42C6-B231-8A032EF9481F} = {68B8E4A9-30CB-4C84-89A2-3CD5B23A42EB}
		{040F270A-3788-4E88-99A6-F236286DE3E7} = {68B8E4A9-30CB-4C84-89A2-3CD5B23A42EB}
		{DA8C2832-621E-4E55-9F73-DB76E1BCD0C4} = {1ADFD29B-9AE9-4E79-923B-072E807A2AAF}
		{4EE799D3-1631-40E5-AEE0-3881454FDBB9} = {040F270A-3788-4E88-99A6-F236286DE3E7}
		{88BBFC16-1A08-4EB7-8692-86F108779F6F} = {040F270A-3788-4E88-99A6-F236286DE3E7}
		{248C48A2-B9F2-4D7B-8A4C-529268A05AA3} = {040F270A-3788-4E88-99A6-F236286DE3E7}
	EndGlobalSection
	GlobalSection(ExtensibilityGlobals) = postSolution
		SolutionGuid = {13EAB81A-C6B2-4C22-B4DE-C6603FC445B6}
	EndGlobalSection
EndGlobal
